{
  "name": "sass-lint",
  "version": "1.0.5",
  "lockfileVersion": 1,
  "requires": true,
  "dependencies": {
    "@types/node": {
      "version": "12.7.4",
      "resolved": "https://registry.npmjs.org/@types/node/-/node-12.7.4.tgz",
      "integrity": "sha512-W0+n1Y+gK/8G2P/piTkBBN38Qc5Q1ZSO6B5H3QmPCUewaiXOo2GCAWZ4ElZCcNhjJuBSUSLGFUJnmlCn5+nxOQ==",
      "dev": true
    },
    "@types/vscode": {
      "version": "1.38.0",
      "resolved": "https://registry.npmjs.org/@types/vscode/-/vscode-1.38.0.tgz",
      "integrity": "sha512-aGo8LQ4J1YF0T9ORuCO+bhQ5sGR1MXa7VOyOdEP685se3wyQWYUExcdiDi6rvaK61KUwfzzA19JRLDrUbDl7BQ==",
      "dev": true
    },
    "semver": {
      "version": "6.3.0",
      "resolved": "https://registry.npmjs.org/semver/-/semver-6.3.0.tgz",
      "integrity": "sha512-b39TBaTSfV6yBrapU89p5fKekE2m/NwnDocOVruQFS1/veMgdzuPcnOM34M6CwxW8jH/lxEa5rBoDeUwu5HHTw=="
    },
    "typescript": {
      "version": "3.6.2",
      "resolved": "https://registry.npmjs.org/typescript/-/typescript-3.6.2.tgz",
      "integrity": "sha512-lmQ4L+J6mnu3xweP8+rOrUwzmN+MRAj7TgtJtDaXE5PMyX2kCrklhg3rvOsOIfNeAWMQWO2F1GPc1kMD2vLAfw==",
      "dev": true
    },
    "vscode-jsonrpc": {
      "version": "4.1.0-next.3",
      "resolved": "https://registry.npmjs.org/vscode-jsonrpc/-/vscode-jsonrpc-4.1.0-next.3.tgz",
      "integrity": "sha512-Z6oxBiMks2+UADV1QHXVooSakjyhI+eHTnXzDyVvVMmegvSfkXk2w6mPEdSkaNHFBdtWW7n20H1yw2nA3A17mg=="
    },
    "vscode-languageclient": {
      "version": "5.3.0-next.9",
      "resolved": "https://registry.npmjs.org/vscode-languageclient/-/vscode-languageclient-5.3.0-next.9.tgz",
      "integrity": "sha512-BFA3X1y2EI2CfsSBy0KG2Xr5BOYfd/97jTmD+doqL6oj+cY8S7AmRCOwb2f9Hbjq8GWL7YC+OJ0leZEUSPgP0A==",
      "requires": {
        "semver": "^6.3.0",
        "vscode-languageserver-protocol": "^3.15.0-next.8"
      }
    },
    "vscode-languageserver-protocol": {
      "version": "3.15.0-next.8",
      "resolved": "https://registry.npmjs.org/vscode-languageserver-protocol/-/vscode-languageserver-protocol-3.15.0-next.8.tgz",
      "integrity": "sha512-9FigDhuYTUqX73IGKgJeyLmfXQJv9p3t22RF3peT+HM33uFiTZE3MUgHj4I9m/dKCDvuJt0yvbI27ut4hDoGRQ==",
      "requires": {
        "vscode-jsonrpc": "^4.1.0-next.3",
        "vscode-languageserver-types": "^3.15.0-next.4"
      }
    },
    "vscode-languageserver-types": {
      "version": "3.15.0-next.4",
      "resolved": "https://registry.npmjs.org/vscode-languageserver-types/-/vscode-languageserver-types-3.15.0-next.4.tgz",
      "integrity": "sha512-IKIWTdUPBnOtwznIrhxKnjVZ7hYxEzwZ3M2xmDi7OjjexuOM6LnGtoo1Dv4wYSik4epK4STEib6e8da2GxUsJA=="
    }
  }
}
